
Microsoft Visual Studio Solution File, Format Version 12.00
# Visual Studio Version 16
VisualStudioVersion = 16.0.31624.102
MinimumVisualStudioVersion = 10.0.40219.1
Project("{FAE04EC0-301F-11D3-BF4B-00C04F79EFBC}") = "UCLN_BCNN", "UCLN_BCNN\UCLN_BCNN.csproj", "{21A5C145-F2FA-4283-927E-C2D12F5EC2DB}"
EndProject
Global
	GlobalSection(SolutionConfigurationPlatforms) = preSolution
		Debug|Any CPU = Debug|Any CPU
		Release|Any CPU = Release|Any CPU
	EndGlobalSection
	GlobalSection(ProjectConfigurationPlatforms) = postSolution
		{21A5C145-F2FA-4283-927E-C2D12F5EC2DB}.Debug|Any CPU.ActiveCfg = Debug|Any CPU
		{21A5C145-F2FA-4283-927E-C2D12F5EC2DB}.Debug|Any CPU.Build.0 = Debug|Any CPU
		{21A5C145-F2FA-4283-927E-C2D12F5EC2DB}.Release|Any CPU.ActiveCfg = Release|Any CPU
		{21A5C145-F2FA-4283-927E-C2D12F5EC2DB}.Release|Any CPU.Build.0 = Release|Any CPU
	EndGlobalSection
	GlobalSection(SolutionProperties) = preSolution
		HideSolutionNode = FALSE
	EndGlobalSection
	GlobalSection(ExtensibilityGlobals) = postSolution
		SolutionGuid = {FE9D4E99-6A79-45E4-A2AA-D12D715542A1}
	EndGlobalSection
EndGlobal
